
Microsoft Visual Studio Solution File, Format Version 12.00
# Visual Studio Version 17
VisualStudioVersion = 17.9.34616.47
MinimumVisualStudioVersion = 10.0.40219.1
Project("{FAE04EC0-301F-11D3-BF4B-00C04F79EFBC}") = "IMLab3", "IMLab3.csproj", "{90AFA4B2-F970-4029-A110-2F5E87817C18}"
EndProject
Global
	GlobalSection(SolutionConfigurationPlatforms) = preSolution
		Debug|Any CPU = Debug|Any CPU
		Release|Any CPU = Release|Any CPU
	EndGlobalSection
	GlobalSection(ProjectConfigurationPlatforms) = postSolution
		{90AFA4B2-F970-4029-A110-2F5E87817C18}.Debug|Any CPU.ActiveCfg = Debug|Any CPU
		{90AFA4B2-F970-4029-A110-2F5E87817C18}.Debug|Any CPU.Build.0 = Debug|Any CPU
		{90AFA4B2-F970-4029-A110-2F5E87817C18}.Release|Any CPU.ActiveCfg = Release|Any CPU
		{90AFA4B2-F970-4029-A110-2F5E87817C18}.Release|Any CPU.Build.0 = Release|Any CPU
	EndGlobalSection
	GlobalSection(SolutionProperties) = preSolution
		HideSolutionNode = FALSE
	EndGlobalSection
	GlobalSection(ExtensibilityGlobals) = postSolution
		SolutionGuid = {F1402B62-D5C7-4225-BCB5-A242258268D0}
	EndGlobalSection
EndGlobal
